{
    "_readme": [
        "This file locks the dependencies of your project to a known state",
        "Read more about it at https://getcomposer.org/doc/01-basic-usage.md#composer-lock-the-lock-file",
        "This file is @generated automatically"
    ],
    "hash": "ce2b0ee676f8ebdec091ccdc0d359aa2",
    "content-hash": "5f557591b03915e253fd75f32be19bc1",
    "packages": [
        {
            "name": "facebook/php-sdk-v4",
            "version": "5.2.0",
            "source": {
                "type": "git",
                "url": "https://github.com/facebook/facebook-php-sdk-v4.git",
                "reference": "c60fba1fe1de62db1e0776d32fc2fb778189459c"
            },
            "dist": {
                "type": "zip",
                "url": "https://api.github.com/repos/facebook/facebook-php-sdk-v4/zipball/c60fba1fe1de62db1e0776d32fc2fb778189459c",
                "reference": "c60fba1fe1de62db1e0776d32fc2fb778189459c",
                "shasum": ""
            },
            "require": {
                "php": "^5.4|^7.0"
            },
            "require-dev": {
                "guzzlehttp/guzzle": "~5.0",
                "mockery/mockery": "~0.8",
                "phpunit/phpunit": "~4.0"
            },
            "suggest": {
                "guzzlehttp/guzzle": "Allows for implementation of the Guzzle HTTP client"
            },
            "type": "library",
            "extra": {
                "branch-alias": {
                    "dev-master": "5.x-dev"
                }
            },
            "autoload": {
                "psr-4": {
                    "Facebook\\": "src/Facebook/"
                },
                "files": [
                    "src/Facebook/polyfills.php"
                ]
            },
            "notification-url": "https://packagist.org/downloads/",
            "license": [
                "Facebook Platform"
            ],
            "authors": [
                {
                    "name": "Facebook",
                    "homepage": "https://github.com/facebook/facebook-php-sdk-v4/contributors"
                }
            ],
            "description": "Facebook SDK for PHP",
            "homepage": "https://github.com/facebook/facebook-php-sdk-v4",
            "keywords": [
                "facebook",
                "sdk"
            ],
            "time": "2016-05-18 22:04:36"
        },
        {
            "name": "php-yaoi/php-yaoi",
            "version": "v1.0.21",
            "source": {
                "type": "git",
                "url": "https://github.com/php-yaoi/php-yaoi.git",
                "reference": "1b9a8c85953e55b451f6c03e59e77fbae09d4b65"
            },
            "dist": {
                "type": "zip",
                "url": "https://api.github.com/repos/php-yaoi/php-yaoi/zipball/1b9a8c85953e55b451f6c03e59e77fbae09d4b65",
                "reference": "1b9a8c85953e55b451f6c03e59e77fbae09d4b65",
                "shasum": ""
            },
            "require": {
                "php": ">=5.3.0"
            },
            "require-dev": {
                "codeclimate/php-test-reporter": "dev-master",
                "phpunit/phpunit": "~4.0",
                "psr/log": "~1.0"
            },
            "type": "library",
            "extra": {
                "branch-alias": {
                    "dev-master": "1.0-dev"
                }
            },
            "autoload": {
                "psr-4": {
                    "Yaoi\\": "src/"
                }
            },
            "notification-url": "https://packagist.org/downloads/",
            "license": [
                "MIT"
            ],
            "authors": [
                {
                    "name": "Viacheslav Poturaev",
                    "email": "vearutop@gmail.com",
                    "homepage": "https://github.com/vearutop"
                }
            ],
            "description": "Yaoi is yet another object interleaver",
            "homepage": "https://github.com/php-yaoi/php-yaoi",
            "keywords": [
                "framework"
            ],
            "time": "2016-05-10 09:12:18"
        }
    ],
    "packages-dev": [],
    "aliases": [],
    "minimum-stability": "stable",
    "stability-flags": [],
    "prefer-stable": false,
    "prefer-lowest": false,
    "platform": [],
    "platform-dev": []
}
