{
    "_readme": [
        "This file locks the dependencies of your project to a known state",
        "Read more about it at https://getcomposer.org/doc/01-basic-usage.md#composer-lock-the-lock-file",
        "This file is @generated automatically"
    ],
    "hash": "61e4f35c8093d4a4717e1a4ad82e2d2c",
    "content-hash": "15947669a7cdf54292674a7d2210726e",
    "packages": [
        {
            "name": "alcalyn/elo",
            "version": "v1.0",
            "source": {
                "type": "git",
                "url": "https://github.com/alcalyn/elo.git",
                "reference": "adc226113d7e1a6f5eda179069ae6f16c01dc819"
            },
            "dist": {
                "type": "zip",
                "url": "https://api.github.com/repos/alcalyn/elo/zipball/adc226113d7e1a6f5eda179069ae6f16c01dc819",
                "reference": "adc226113d7e1a6f5eda179069ae6f16c01dc819",
                "shasum": ""
            },
            "type": "library",
            "autoload": {
                "psr-0": {
                    "Alcalyn\\Elo": "src/"
                }
            },
            "notification-url": "https://packagist.org/downloads/",
            "license": [
                "MIT"
            ],
            "authors": [
                {
                    "name": "Julien Maulny",
                    "email": "doubjulien@hotmail.fr"
                }
            ],
            "description": "Elo system with a reliability purpose",
            "homepage": "https://github.com/alcalyn/elo",
            "keywords": [
                "elo",
                "php"
            ],
            "time": "2014-11-26 09:56:26"
        },
        {
            "name": "facebook/php-sdk-v4",
            "version": "5.2.0",
            "source": {
                "type": "git",
                "url": "https://github.com/facebook/facebook-php-sdk-v4.git",
                "reference": "c60fba1fe1de62db1e0776d32fc2fb778189459c"
            },
            "dist": {
                "type": "zip",
                "url": "https://api.github.com/repos/facebook/facebook-php-sdk-v4/zipball/c60fba1fe1de62db1e0776d32fc2fb778189459c",
                "reference": "c60fba1fe1de62db1e0776d32fc2fb778189459c",
                "shasum": ""
            },
            "require": {
                "php": "^5.4|^7.0"
            },
            "require-dev": {
                "guzzlehttp/guzzle": "~5.0",
                "mockery/mockery": "~0.8",
                "phpunit/phpunit": "~4.0"
            },
            "suggest": {
                "guzzlehttp/guzzle": "Allows for implementation of the Guzzle HTTP client"
            },
            "type": "library",
            "extra": {
                "branch-alias": {
                    "dev-master": "5.x-dev"
                }
            },
            "autoload": {
                "psr-4": {
                    "Facebook\\": "src/Facebook/"
                },
                "files": [
                    "src/Facebook/polyfills.php"
                ]
            },
            "notification-url": "https://packagist.org/downloads/",
            "license": [
                "Facebook Platform"
            ],
            "authors": [
                {
                    "name": "Facebook",
                    "homepage": "https://github.com/facebook/facebook-php-sdk-v4/contributors"
                }
            ],
            "description": "Facebook SDK for PHP",
            "homepage": "https://github.com/facebook/facebook-php-sdk-v4",
            "keywords": [
                "facebook",
                "sdk"
            ],
            "time": "2016-05-18 22:04:36"
        },
        {
            "name": "php-yaoi/php-yaoi",
            "version": "v1.0.23",
            "source": {
                "type": "git",
                "url": "https://github.com/php-yaoi/php-yaoi.git",
                "reference": "de40176931c9dcc39ec386476757ad444886acea"
            },
            "dist": {
                "type": "zip",
                "url": "https://api.github.com/repos/php-yaoi/php-yaoi/zipball/de40176931c9dcc39ec386476757ad444886acea",
                "reference": "de40176931c9dcc39ec386476757ad444886acea",
                "shasum": ""
            },
            "require": {
                "php": ">=5.3.0"
            },
            "require-dev": {
                "codeclimate/php-test-reporter": "dev-master",
                "phpunit/phpunit": "~4.0",
                "psr/log": "~1.0"
            },
            "type": "library",
            "extra": {
                "branch-alias": {
                    "dev-master": "1.0-dev"
                }
            },
            "autoload": {
                "psr-4": {
                    "Yaoi\\": "src/"
                }
            },
            "notification-url": "https://packagist.org/downloads/",
            "license": [
                "MIT"
            ],
            "authors": [
                {
                    "name": "Viacheslav Poturaev",
                    "email": "vearutop@gmail.com",
                    "homepage": "https://github.com/vearutop"
                }
            ],
            "description": "Yaoi is yet another object interleaver",
            "homepage": "https://github.com/php-yaoi/php-yaoi",
            "keywords": [
                "framework"
            ],
            "time": "2016-07-30 10:05:18"
        }
    ],
    "packages-dev": [],
    "aliases": [],
    "minimum-stability": "stable",
    "stability-flags": [],
    "prefer-stable": false,
    "prefer-lowest": false,
    "platform": [],
    "platform-dev": []
}
