{
    "_readme": [
        "This file locks the dependencies of your project to a known state",
        "Read more about it at https://getcomposer.org/doc/01-basic-usage.md#composer-lock-the-lock-file",
        "This file is @generated automatically"
    ],
    "hash": "7f36f6ae478b18fd3aca1eeda9e41837",
    "content-hash": "443e8b89a73a2e7ddde7e03e551f0c4e",
    "packages": [
        {
            "name": "php-yaoi/php-yaoi",
            "version": "dev-dirty",
            "source": {
                "type": "git",
                "url": "https://github.com/php-yaoi/php-yaoi.git",
                "reference": "fb72dd500ccd3a7e15e0f715a731e2e1d5b71e05"
            },
            "dist": {
                "type": "zip",
                "url": "https://api.github.com/repos/php-yaoi/php-yaoi/zipball/fb72dd500ccd3a7e15e0f715a731e2e1d5b71e05",
                "reference": "fb72dd500ccd3a7e15e0f715a731e2e1d5b71e05",
                "shasum": ""
            },
            "require": {
                "php": ">=5.3.0"
            },
            "require-dev": {
                "codeclimate/php-test-reporter": "dev-master",
                "phpunit/phpunit": "~4.0",
                "psr/log": "~1.0"
            },
            "type": "library",
            "extra": {
                "branch-alias": {
                    "dev-master": "1.0-dev"
                }
            },
            "autoload": {
                "psr-4": {
                    "Yaoi\\": "src/"
                }
            },
            "notification-url": "https://packagist.org/downloads/",
            "license": [
                "MIT"
            ],
            "authors": [
                {
                    "name": "Viacheslav Poturaev",
                    "email": "vearutop@gmail.com",
                    "homepage": "https://github.com/vearutop"
                }
            ],
            "description": "Yaoi is yet another object interleaver",
            "homepage": "https://github.com/php-yaoi/php-yaoi",
            "keywords": [
                "framework"
            ],
            "time": "2016-03-23 17:31:13"
        },
        {
            "name": "php-yaoi/twbs",
            "version": "dev-master",
            "source": {
                "type": "git",
                "url": "https://github.com/php-yaoi/twbs.git",
                "reference": "ae3ad2dd2d76eafc32000b20b73d462380b8f758"
            },
            "dist": {
                "type": "zip",
                "url": "https://api.github.com/repos/php-yaoi/twbs/zipball/ae3ad2dd2d76eafc32000b20b73d462380b8f758",
                "reference": "ae3ad2dd2d76eafc32000b20b73d462380b8f758",
                "shasum": ""
            },
            "require": {
                "php": ">=5.3.0",
                "php-yaoi/php-yaoi": "dev-dirty"
            },
            "require-dev": {
                "codeclimate/php-test-reporter": "dev-master",
                "phpunit/phpunit": "~4.0"
            },
            "type": "library",
            "autoload": {
                "psr-4": {
                    "Yaoi\\Twbs\\": "src/"
                }
            },
            "notification-url": "https://packagist.org/downloads/",
            "license": [
                "MIT"
            ],
            "authors": [
                {
                    "name": "Viacheslav Poturaev",
                    "email": "vearutop@gmail.com",
                    "homepage": "https://github.com/vearutop"
                }
            ],
            "description": "Twitter Bootstrap bindings for php-yaoi",
            "homepage": "https://github.com/php-yaoi/twbs",
            "keywords": [
                "framework"
            ],
            "time": "2016-03-30 00:10:53"
        }
    ],
    "packages-dev": [],
    "aliases": [],
    "minimum-stability": "stable",
    "stability-flags": {
        "php-yaoi/php-yaoi": 20,
        "php-yaoi/twbs": 20
    },
    "prefer-stable": false,
    "prefer-lowest": false,
    "platform": [],
    "platform-dev": []
}
